
Microsoft Visual Studio Solution File, Format Version 12.00
# Visual Studio Version 17
VisualStudioVersion = 17.13.35825.156 d17.13
MinimumVisualStudioVersion = 10.0.40219.1
Project("{FAE04EC0-301F-11D3-BF4B-00C04F79EFBC}") = "UserInterface", "FinalProject560\UserInterface.csproj", "{07661808-B216-495B-A12C-ECF388472B53}"
EndProject
Project("{FAE04EC0-301F-11D3-BF4B-00C04F79EFBC}") = "Data", "Data\Data.csproj", "{4CFDA744-1DC4-4F0D-9D54-18DFBD451565}"
EndProject
Global
	GlobalSection(SolutionConfigurationPlatforms) = preSolution
		Debug|Any CPU = Debug|Any CPU
		Release|Any CPU = Release|Any CPU
	EndGlobalSection
	GlobalSection(ProjectConfigurationPlatforms) = postSolution
		{07661808-B216-495B-A12C-ECF388472B53}.Debug|Any CPU.ActiveCfg = Debug|Any CPU
		{07661808-B216-495B-A12C-ECF388472B53}.Debug|Any CPU.Build.0 = Debug|Any CPU
		{07661808-B216-495B-A12C-ECF388472B53}.Release|Any CPU.ActiveCfg = Release|Any CPU
		{07661808-B216-495B-A12C-ECF388472B53}.Release|Any CPU.Build.0 = Release|Any CPU
		{4CFDA744-1DC4-4F0D-9D54-18DFBD451565}.Debug|Any CPU.ActiveCfg = Debug|Any CPU
		{4CFDA744-1DC4-4F0D-9D54-18DFBD451565}.Debug|Any CPU.Build.0 = Debug|Any CPU
		{4CFDA744-1DC4-4F0D-9D54-18DFBD451565}.Release|Any CPU.ActiveCfg = Release|Any CPU
		{4CFDA744-1DC4-4F0D-9D54-18DFBD451565}.Release|Any CPU.Build.0 = Release|Any CPU
	EndGlobalSection
	GlobalSection(SolutionProperties) = preSolution
		HideSolutionNode = FALSE
	EndGlobalSection
	GlobalSection(ExtensibilityGlobals) = postSolution
		SolutionGuid = {24FAC5FC-FA13-43BA-A08C-4BA5F6A0E116}
	EndGlobalSection
EndGlobal
